
Microsoft Visual Studio Solution File, Format Version 12.00
# Visual Studio 14
VisualStudioVersion = 14.0.25420.1
MinimumVisualStudioVersion = 10.0.40219.1
Project("{9092AA53-FB77-4645-B42D-1CCCA6BD08BD}") = "ASC.Sso.Auth", "ASC.Sso.Auth.njsproj", "{ECBF3ECF-AB9A-4502-B30E-325B77070C60}"
EndProject
Global
	GlobalSection(SolutionConfigurationPlatforms) = preSolution
		Debug|Any CPU = Debug|Any CPU
		Release|Any CPU = Release|Any CPU
	EndGlobalSection
	GlobalSection(ProjectConfigurationPlatforms) = postSolution
		{ECBF3ECF-AB9A-4502-B30E-325B77070C60}.Debug|Any CPU.ActiveCfg = Debug|Any CPU
		{ECBF3ECF-AB9A-4502-B30E-325B77070C60}.Debug|Any CPU.Build.0 = Debug|Any CPU
		{ECBF3ECF-AB9A-4502-B30E-325B77070C60}.Release|Any CPU.ActiveCfg = Release|Any CPU
		{ECBF3ECF-AB9A-4502-B30E-325B77070C60}.Release|Any CPU.Build.0 = Release|Any CPU
	EndGlobalSection
	GlobalSection(SolutionProperties) = preSolution
		HideSolutionNode = FALSE
	EndGlobalSection
EndGlobal
